
Microsoft Visual Studio Solution File, Format Version 12.00
# Visual Studio Version 17
VisualStudioVersion = 17.0.31903.59
MinimumVisualStudioVersion = 10.0.40219.1
Project("{FAE04EC0-301F-11D3-BF4B-00C04F79EFBC}") = "SpaceBattle.Lib", "SpaceBattle.Lib\SpaceBattle.Lib.csproj", "{3EE6B701-019E-47E4-BCF2-9FC310556396}"
EndProject
Project("{FAE04EC0-301F-11D3-BF4B-00C04F79EFBC}") = "SpaceBattle.Lib.Test", "SpaceBattle.Lib.Test\SpaceBattle.Lib.Test.csproj", "{0EA2F94E-2418-40C4-8069-3B24B8B95F0F}"
EndProject
Project("{FAE04EC0-301F-11D3-BF4B-00C04F79EFBC}") = "SpaceBattle.Lib.gRPC", "SpaceBattle.Lib.gRPC\SpaceBattle.Lib.gRPC.csproj", "{DA8B242F-82DC-4261-9ECE-0C55CFEA014F}"
EndProject
Project("{FAE04EC0-301F-11D3-BF4B-00C04F79EFBC}") = "outbox", "outbox\outbox.csproj", "{8C402E97-156F-4B0D-A671-8F52B928FAE9}"
EndProject
Global
	GlobalSection(SolutionConfigurationPlatforms) = preSolution
		Debug|Any CPU = Debug|Any CPU
		Release|Any CPU = Release|Any CPU
	EndGlobalSection
	GlobalSection(SolutionProperties) = preSolution
		HideSolutionNode = FALSE
	EndGlobalSection
	GlobalSection(ProjectConfigurationPlatforms) = postSolution
		{3EE6B701-019E-47E4-BCF2-9FC310556396}.Debug|Any CPU.ActiveCfg = Debug|Any CPU
		{3EE6B701-019E-47E4-BCF2-9FC310556396}.Debug|Any CPU.Build.0 = Debug|Any CPU
		{3EE6B701-019E-47E4-BCF2-9FC310556396}.Release|Any CPU.ActiveCfg = Release|Any CPU
		{3EE6B701-019E-47E4-BCF2-9FC310556396}.Release|Any CPU.Build.0 = Release|Any CPU
		{0EA2F94E-2418-40C4-8069-3B24B8B95F0F}.Debug|Any CPU.ActiveCfg = Debug|Any CPU
		{0EA2F94E-2418-40C4-8069-3B24B8B95F0F}.Debug|Any CPU.Build.0 = Debug|Any CPU
		{0EA2F94E-2418-40C4-8069-3B24B8B95F0F}.Release|Any CPU.ActiveCfg = Release|Any CPU
		{0EA2F94E-2418-40C4-8069-3B24B8B95F0F}.Release|Any CPU.Build.0 = Release|Any CPU
		{DA8B242F-82DC-4261-9ECE-0C55CFEA014F}.Debug|Any CPU.ActiveCfg = Debug|Any CPU
		{DA8B242F-82DC-4261-9ECE-0C55CFEA014F}.Debug|Any CPU.Build.0 = Debug|Any CPU
		{DA8B242F-82DC-4261-9ECE-0C55CFEA014F}.Release|Any CPU.ActiveCfg = Release|Any CPU
		{DA8B242F-82DC-4261-9ECE-0C55CFEA014F}.Release|Any CPU.Build.0 = Release|Any CPU
		{8C402E97-156F-4B0D-A671-8F52B928FAE9}.Debug|Any CPU.ActiveCfg = Debug|Any CPU
		{8C402E97-156F-4B0D-A671-8F52B928FAE9}.Debug|Any CPU.Build.0 = Debug|Any CPU
		{8C402E97-156F-4B0D-A671-8F52B928FAE9}.Release|Any CPU.ActiveCfg = Release|Any CPU
		{8C402E97-156F-4B0D-A671-8F52B928FAE9}.Release|Any CPU.Build.0 = Release|Any CPU
	EndGlobalSection
EndGlobal
